<Solution>
  <Project Path="ClinicaOdontoligica.Modelos/ClinicaOdontologica.Modelos.csproj" />
  <Project Path="ClinicaOdontologia.MVC/ClinicaOdontologia.MVC.csproj" Id="1a143309-7831-402b-afe6-7c9286006663" />
  <Project Path="ClinicaOdontologica.API/ClinicaOdontologica.API.csproj" Id="232d0f38-db49-42d3-bf28-f948ffb772aa" />
  <Project Path="ClinicaOdontologica.Consumer/ClinicaOdontologica.Consumer.csproj" Id="8e471d5e-a80d-4706-8d7f-c81719c5861e" />
</Solution>
